
Microsoft Visual Studio Solution File, Format Version 12.00
# Visual Studio Version 16
VisualStudioVersion = 16.0.32228.343
MinimumVisualStudioVersion = 10.0.40219.1
Project("{FAE04EC0-301F-11D3-BF4B-00C04F79EFBC}") = "Histogram_Ocen", "Histogram_Ocen.csproj", "{8B05B879-DDBB-4470-9A7A-E2EC848A6CAD}"
EndProject
Global
	GlobalSection(SolutionConfigurationPlatforms) = preSolution
		Debug|Any CPU = Debug|Any CPU
		Release|Any CPU = Release|Any CPU
	EndGlobalSection
	GlobalSection(ProjectConfigurationPlatforms) = postSolution
		{8B05B879-DDBB-4470-9A7A-E2EC848A6CAD}.Debug|Any CPU.ActiveCfg = Debug|Any CPU
		{8B05B879-DDBB-4470-9A7A-E2EC848A6CAD}.Debug|Any CPU.Build.0 = Debug|Any CPU
		{8B05B879-DDBB-4470-9A7A-E2EC848A6CAD}.Release|Any CPU.ActiveCfg = Release|Any CPU
		{8B05B879-DDBB-4470-9A7A-E2EC848A6CAD}.Release|Any CPU.Build.0 = Release|Any CPU
	EndGlobalSection
	GlobalSection(SolutionProperties) = preSolution
		HideSolutionNode = FALSE
	EndGlobalSection
	GlobalSection(ExtensibilityGlobals) = postSolution
		SolutionGuid = {C97E5A23-ACFF-40EC-8EDE-DEC2C0F119FF}
	EndGlobalSection
EndGlobal
